
Microsoft Visual Studio Solution File, Format Version 12.00
# Visual Studio Version 17
VisualStudioVersion = 17.8.34322.80
MinimumVisualStudioVersion = 10.0.40219.1
Project("{FAE04EC0-301F-11D3-BF4B-00C04F79EFBC}") = "projetoAgendamentosSalaWFSenac", "projetoAgendamentosSalaWFSenac\projetoAgendamentosSalaWFSenac.csproj", "{7891EF9B-86A3-4359-BB80-8F13D0F5BDDC}"
EndProject
Global
	GlobalSection(SolutionConfigurationPlatforms) = preSolution
		Debug|Any CPU = Debug|Any CPU
		Release|Any CPU = Release|Any CPU
	EndGlobalSection
	GlobalSection(ProjectConfigurationPlatforms) = postSolution
		{7891EF9B-86A3-4359-BB80-8F13D0F5BDDC}.Debug|Any CPU.ActiveCfg = Debug|Any CPU
		{7891EF9B-86A3-4359-BB80-8F13D0F5BDDC}.Debug|Any CPU.Build.0 = Debug|Any CPU
		{7891EF9B-86A3-4359-BB80-8F13D0F5BDDC}.Release|Any CPU.ActiveCfg = Release|Any CPU
		{7891EF9B-86A3-4359-BB80-8F13D0F5BDDC}.Release|Any CPU.Build.0 = Release|Any CPU
	EndGlobalSection
	GlobalSection(SolutionProperties) = preSolution
		HideSolutionNode = FALSE
	EndGlobalSection
	GlobalSection(ExtensibilityGlobals) = postSolution
		SolutionGuid = {4A791B3D-7691-4270-8271-5AA59FF7C632}
	EndGlobalSection
EndGlobal
